
Microsoft Visual Studio Solution File, Format Version 12.00
Project("{FAE04EC0-301F-11D3-BF4B-00C04F79EFBC}") = "WebApp", "WebApp\WebApp.csproj", "{2112BBF5-8804-4FED-BA86-43DB45A4CCD2}"
EndProject
Project("{FAE04EC0-301F-11D3-BF4B-00C04F79EFBC}") = "UBL.Teacher", "UBL.Teacher\UBL.Teacher.csproj", "{7C3DD5C4-3604-494E-8B7A-3C1F650D41B1}"
EndProject
Global
	GlobalSection(SolutionConfigurationPlatforms) = preSolution
		Debug|Any CPU = Debug|Any CPU
		Release|Any CPU = Release|Any CPU
	EndGlobalSection
	GlobalSection(ProjectConfigurationPlatforms) = postSolution
		{2112BBF5-8804-4FED-BA86-43DB45A4CCD2}.Debug|Any CPU.ActiveCfg = Debug|Any CPU
		{2112BBF5-8804-4FED-BA86-43DB45A4CCD2}.Debug|Any CPU.Build.0 = Debug|Any CPU
		{2112BBF5-8804-4FED-BA86-43DB45A4CCD2}.Release|Any CPU.ActiveCfg = Release|Any CPU
		{2112BBF5-8804-4FED-BA86-43DB45A4CCD2}.Release|Any CPU.Build.0 = Release|Any CPU
		{7C3DD5C4-3604-494E-8B7A-3C1F650D41B1}.Debug|Any CPU.ActiveCfg = Debug|Any CPU
		{7C3DD5C4-3604-494E-8B7A-3C1F650D41B1}.Debug|Any CPU.Build.0 = Debug|Any CPU
		{7C3DD5C4-3604-494E-8B7A-3C1F650D41B1}.Release|Any CPU.ActiveCfg = Release|Any CPU
		{7C3DD5C4-3604-494E-8B7A-3C1F650D41B1}.Release|Any CPU.Build.0 = Release|Any CPU
	EndGlobalSection
EndGlobal
